// !$*UTF8*$!
{
	archiveVersion = 1;
	classes = {
	};
	objectVersion = 46;
	objects = {

/* Begin PBXBuildFile section */
		563DFE281EFBE9140067E868 /* ContactViewController.swift in Sources */ = {isa = PBXBuildFile; fileRef = 563DFE271EFBE9140067E868 /* ContactViewController.swift */; };
		563DFE2C1EFBEEEA0067E868 /* ContactTableViewCell.swift in Sources */ = {isa = PBXBuildFile; fileRef = 563DFE2A1EFBEEEA0067E868 /* ContactTableViewCell.swift */; };
		563DFE2D1EFBEEEA0067E868 /* ContactTableViewCell.xib in Resources */ = {isa = PBXBuildFile; fileRef = 563DFE2B1EFBEEEA0067E868 /* ContactTableViewCell.xib */; };
		563DFE2F1EFC07F90067E868 /* ChatViewController.swift in Sources */ = {isa = PBXBuildFile; fileRef = 563DFE2E1EFC07F90067E868 /* ChatViewController.swift */; };
		563DFE321EFC13700067E868 /* MessageTableViewCell.swift in Sources */ = {isa = PBXBuildFile; fileRef = 563DFE301EFC13700067E868 /* MessageTableViewCell.swift */; };
		563DFE331EFC13700067E868 /* MessageTableViewCell.xib in Resources */ = {isa = PBXBuildFile; fileRef = 563DFE311EFC13700067E868 /* MessageTableViewCell.xib */; };
		565E53591F079AA50098161B /* RecentlyViewController.swift in Sources */ = {isa = PBXBuildFile; fileRef = 565E53581F079AA40098161B /* RecentlyViewController.swift */; };
		565E535B1F07A20F0098161B /* RecentlyTableViewCell.swift in Sources */ = {isa = PBXBuildFile; fileRef = 565E535A1F07A20F0098161B /* RecentlyTableViewCell.swift */; };
		565E535D1F07B1330098161B /* MeTableViewController.swift in Sources */ = {isa = PBXBuildFile; fileRef = 565E535C1F07B1330098161B /* MeTableViewController.swift */; };
		565E535F1F07B1440098161B /* DetailTableViewController.swift in Sources */ = {isa = PBXBuildFile; fileRef = 565E535E1F07B1440098161B /* DetailTableViewController.swift */; };
		565E53611F07B8F70098161B /* UpdateViewController.swift in Sources */ = {isa = PBXBuildFile; fileRef = 565E53601F07B8F70098161B /* UpdateViewController.swift */; };
		56665F171EF8C75600208511 /* AppDelegate.swift in Sources */ = {isa = PBXBuildFile; fileRef = 56665F161EF8C75600208511 /* AppDelegate.swift */; };
		56665F191EF8C75600208511 /* ViewController.swift in Sources */ = {isa = PBXBuildFile; fileRef = 56665F181EF8C75600208511 /* ViewController.swift */; };
		56665F1C1EF8C75600208511 /* Main.storyboard in Resources */ = {isa = PBXBuildFile; fileRef = 56665F1A1EF8C75600208511 /* Main.storyboard */; };
		56665F1E1EF8C75600208511 /* Assets.xcassets in Resources */ = {isa = PBXBuildFile; fileRef = 56665F1D1EF8C75600208511 /* Assets.xcassets */; };
		56665F211EF8C75600208511 /* LaunchScreen.storyboard in Resources */ = {isa = PBXBuildFile; fileRef = 56665F1F1EF8C75600208511 /* LaunchScreen.storyboard */; };
		56665F2A1EF8DB7B00208511 /* XMPPStreamManager.swift in Sources */ = {isa = PBXBuildFile; fileRef = 56665F291EF8DB7B00208511 /* XMPPStreamManager.swift */; };
		567057FC1F08C0EF0064A06D /* XMPPMUCManager.swift in Sources */ = {isa = PBXBuildFile; fileRef = 567057FB1F08C0EF0064A06D /* XMPPMUCManager.swift */; };
		7A5FC1F7D18D2AD9D8D31C03 /* Pods_XMPPChat.framework in Frameworks */ = {isa = PBXBuildFile; fileRef = D61E371DB9801D3BC0FF7AA7 /* Pods_XMPPChat.framework */; };
/* End PBXBuildFile section */

/* Begin PBXFileReference section */
		453760D176B0791811623408 /* Pods-XMPPChat.release.xcconfig */ = {isa = PBXFileReference; includeInIndex = 1; lastKnownFileType = text.xcconfig; name = "Pods-XMPPChat.release.xcconfig"; path = "Pods/Target Support Files/Pods-XMPPChat/Pods-XMPPChat.release.xcconfig"; sourceTree = "<group>"; };
		563DFE271EFBE9140067E868 /* ContactViewController.swift */ = {isa = PBXFileReference; fileEncoding = 4; lastKnownFileType = sourcecode.swift; path = ContactViewController.swift; sourceTree = "<group>"; };
		563DFE2A1EFBEEEA0067E868 /* ContactTableViewCell.swift */ = {isa = PBXFileReference; fileEncoding = 4; lastKnownFileType = sourcecode.swift; path = ContactTableViewCell.swift; sourceTree = "<group>"; };
		563DFE2B1EFBEEEA0067E868 /* ContactTableViewCell.xib */ = {isa = PBXFileReference; fileEncoding = 4; lastKnownFileType = file.xib; path = ContactTableViewCell.xib; sourceTree = "<group>"; };
		563DFE2E1EFC07F90067E868 /* ChatViewController.swift */ = {isa = PBXFileReference; fileEncoding = 4; lastKnownFileType = sourcecode.swift; path = ChatViewController.swift; sourceTree = "<group>"; };
		563DFE301EFC13700067E868 /* MessageTableViewCell.swift */ = {isa = PBXFileReference; fileEncoding = 4; lastKnownFileType = sourcecode.swift; path = MessageTableViewCell.swift; sourceTree = "<group>"; };
		563DFE311EFC13700067E868 /* MessageTableViewCell.xib */ = {isa = PBXFileReference; fileEncoding = 4; lastKnownFileType = file.xib; path = MessageTableViewCell.xib; sourceTree = "<group>"; };
		565E53581F079AA40098161B /* RecentlyViewController.swift */ = {isa = PBXFileReference; fileEncoding = 4; lastKnownFileType = sourcecode.swift; path = RecentlyViewController.swift; sourceTree = "<group>"; };
		565E535A1F07A20F0098161B /* RecentlyTableViewCell.swift */ = {isa = PBXFileReference; fileEncoding = 4; lastKnownFileType = sourcecode.swift; path = RecentlyTableViewCell.swift; sourceTree = "<group>"; };
		565E535C1F07B1330098161B /* MeTableViewController.swift */ = {isa = PBXFileReference; fileEncoding = 4; lastKnownFileType = sourcecode.swift; path = MeTableViewController.swift; sourceTree = "<group>"; };
		565E535E1F07B1440098161B /* DetailTableViewController.swift */ = {isa = PBXFileReference; fileEncoding = 4; lastKnownFileType = sourcecode.swift; path = DetailTableViewController.swift; sourceTree = "<group>"; };
		565E53601F07B8F70098161B /* UpdateViewController.swift */ = {isa = PBXFileReference; fileEncoding = 4; lastKnownFileType = sourcecode.swift; path = UpdateViewController.swift; sourceTree = "<group>"; };
		56665F131EF8C75600208511 /* XMPPChat.app */ = {isa = PBXFileReference; explicitFileType = wrapper.application; includeInIndex = 0; path = XMPPChat.app; sourceTree = BUILT_PRODUCTS_DIR; };
		56665F161EF8C75600208511 /* AppDelegate.swift */ = {isa = PBXFileReference; lastKnownFileType = sourcecode.swift; path = AppDelegate.swift; sourceTree = "<group>"; };
		56665F181EF8C75600208511 /* ViewController.swift */ = {isa = PBXFileReference; lastKnownFileType = sourcecode.swift; path = ViewController.swift; sourceTree = "<group>"; };
		56665F1B1EF8C75600208511 /* Base */ = {isa = PBXFileReference; lastKnownFileType = file.storyboard; name = Base; path = Base.lproj/Main.storyboard; sourceTree = "<group>"; };
		56665F1D1EF8C75600208511 /* Assets.xcassets */ = {isa = PBXFileReference; lastKnownFileType = folder.assetcatalog; path = Assets.xcassets; sourceTree = "<group>"; };
		56665F201EF8C75600208511 /* Base */ = {isa = PBXFileReference; lastKnownFileType = file.storyboard; name = Base; path = Base.lproj/LaunchScreen.storyboard; sourceTree = "<group>"; };
		56665F221EF8C75600208511 /* Info.plist */ = {isa = PBXFileReference; lastKnownFileType = text.plist.xml; path = Info.plist; sourceTree = "<group>"; };
		56665F291EF8DB7B00208511 /* XMPPStreamManager.swift */ = {isa = PBXFileReference; fileEncoding = 4; lastKnownFileType = sourcecode.swift; path = XMPPStreamManager.swift; sourceTree = "<group>"; };
		567057FB1F08C0EF0064A06D /* XMPPMUCManager.swift */ = {isa = PBXFileReference; fileEncoding = 4; lastKnownFileType = sourcecode.swift; path = XMPPMUCManager.swift; sourceTree = "<group>"; };
		612CA64932D7B7EA8ABA0F98 /* Pods-XMPPChat.debug.xcconfig */ = {isa = PBXFileReference; includeInIndex = 1; lastKnownFileType = text.xcconfig; name = "Pods-XMPPChat.debug.xcconfig"; path = "Pods/Target Support Files/Pods-XMPPChat/Pods-XMPPChat.debug.xcconfig"; sourceTree = "<group>"; };
		D61E371DB9801D3BC0FF7AA7 /* Pods_XMPPChat.framework */ = {isa = PBXFileReference; explicitFileType = wrapper.framework; includeInIndex = 0; path = Pods_XMPPChat.framework; sourceTree = BUILT_PRODUCTS_DIR; };
/* End PBXFileReference section */

/* Begin PBXFrameworksBuildPhase section */
		56665F101EF8C75600208511 /* Frameworks */ = {
			isa = PBXFrameworksBuildPhase;
			buildActionMask = 2147483647;
			files = (
				7A5FC1F7D18D2AD9D8D31C03 /* Pods_XMPPChat.framework in Frameworks */,
			);
			runOnlyForDeploymentPostprocessing = 0;
		};
/* End PBXFrameworksBuildPhase section */

/* Begin PBXGroup section */
		2668321B8A71A7C1A4F8A87C /* Pods */ = {
			isa = PBXGroup;
			children = (
				612CA64932D7B7EA8ABA0F98 /* Pods-XMPPChat.debug.xcconfig */,
				453760D176B0791811623408 /* Pods-XMPPChat.release.xcconfig */,
			);
			name = Pods;
			sourceTree = "<group>";
		};
		563DFE291EFBEEBB0067E868 /* TableViewCell */ = {
			isa = PBXGroup;
			children = (
				563DFE2A1EFBEEEA0067E868 /* ContactTableViewCell.swift */,
				563DFE2B1EFBEEEA0067E868 /* ContactTableViewCell.xib */,
				563DFE301EFC13700067E868 /* MessageTableViewCell.swift */,
				563DFE311EFC13700067E868 /* MessageTableViewCell.xib */,
				565E535A1F07A20F0098161B /* RecentlyTableViewCell.swift */,
			);
			name = TableViewCell;
			sourceTree = "<group>";
		};
		56665F0A1EF8C75600208511 = {
			isa = PBXGroup;
			children = (
				56665F151EF8C75600208511 /* XMPPChat */,
				56665F141EF8C75600208511 /* Products */,
				2668321B8A71A7C1A4F8A87C /* Pods */,
				C21CCAB349407F20989971BF /* Frameworks */,
			);
			sourceTree = "<group>";
		};
		56665F141EF8C75600208511 /* Products */ = {
			isa = PBXGroup;
			children = (
				56665F131EF8C75600208511 /* XMPPChat.app */,
			);
			name = Products;
			sourceTree = "<group>";
		};
		56665F151EF8C75600208511 /* XMPPChat */ = {
			isa = PBXGroup;
			children = (
				563DFE291EFBEEBB0067E868 /* TableViewCell */,
				56665F281EF8CB8500208511 /* Tools */,
				56665F161EF8C75600208511 /* AppDelegate.swift */,
				56665F181EF8C75600208511 /* ViewController.swift */,
				563DFE271EFBE9140067E868 /* ContactViewController.swift */,
				563DFE2E1EFC07F90067E868 /* ChatViewController.swift */,
				565E53581F079AA40098161B /* RecentlyViewController.swift */,
				56665F1A1EF8C75600208511 /* Main.storyboard */,
				56665F1D1EF8C75600208511 /* Assets.xcassets */,
				56665F1F1EF8C75600208511 /* LaunchScreen.storyboard */,
				56665F221EF8C75600208511 /* Info.plist */,
				565E535C1F07B1330098161B /* MeTableViewController.swift */,
				565E535E1F07B1440098161B /* DetailTableViewController.swift */,
				565E53601F07B8F70098161B /* UpdateViewController.swift */,
			);
			path = XMPPChat;
			sourceTree = "<group>";
		};
		56665F281EF8CB8500208511 /* Tools */ = {
			isa = PBXGroup;
			children = (
				56665F291EF8DB7B00208511 /* XMPPStreamManager.swift */,
				567057FB1F08C0EF0064A06D /* XMPPMUCManager.swift */,
			);
			name = Tools;
			sourceTree = "<group>";
		};
		C21CCAB349407F20989971BF /* Frameworks */ = {
			isa = PBXGroup;
			children = (
				D61E371DB9801D3BC0FF7AA7 /* Pods_XMPPChat.framework */,
			);
			name = Frameworks;
			sourceTree = "<group>";
		};
/* End PBXGroup section */

/* Begin PBXNativeTarget section */
		56665F121EF8C75600208511 /* XMPPChat */ = {
			isa = PBXNativeTarget;
			buildConfigurationList = 56665F251EF8C75600208511 /* Build configuration list for PBXNativeTarget "XMPPChat" */;
			buildPhases = (
				FF19464D039D6CB87B07DE25 /* [CP] Check Pods Manifest.lock */,
				56665F0F1EF8C75600208511 /* Sources */,
				56665F101EF8C75600208511 /* Frameworks */,
				56665F111EF8C75600208511 /* Resources */,
				1862AC0263146F0620CE2CB2 /* [CP] Embed Pods Frameworks */,
				9B59F17C63639881DC2DB3BF /* [CP] Copy Pods Resources */,
			);
			buildRules = (
			);
			dependencies = (
			);
			name = XMPPChat;
			productName = XMPPChat;
			productReference = 56665F131EF8C75600208511 /* XMPPChat.app */;
			productType = "com.apple.product-type.application";
		};
/* End PBXNativeTarget section */

/* Begin PBXProject section */
		56665F0B1EF8C75600208511 /* Project object */ = {
			isa = PBXProject;
			attributes = {
				LastSwiftUpdateCheck = 0830;
				LastUpgradeCheck = 0830;
				ORGANIZATIONNAME = "张玉飞";
				TargetAttributes = {
					56665F121EF8C75600208511 = {
						CreatedOnToolsVersion = 8.3.3;
						ProvisioningStyle = Automatic;
					};
				};
			};
			buildConfigurationList = 56665F0E1EF8C75600208511 /* Build configuration list for PBXProject "XMPPChat" */;
			compatibilityVersion = "Xcode 3.2";
			developmentRegion = English;
			hasScannedForEncodings = 0;
			knownRegions = (
				en,
				Base,
			);
			mainGroup = 56665F0A1EF8C75600208511;
			productRefGroup = 56665F141EF8C75600208511 /* Products */;
			projectDirPath = "";
			projectRoot = "";
			targets = (
				56665F121EF8C75600208511 /* XMPPChat */,
			);
		};
/* End PBXProject section */

/* Begin PBXResourcesBuildPhase section */
		56665F111EF8C75600208511 /* Resources */ = {
			isa = PBXResourcesBuildPhase;
			buildActionMask = 2147483647;
			files = (
				563DFE2D1EFBEEEA0067E868 /* ContactTableViewCell.xib in Resources */,
				56665F211EF8C75600208511 /* LaunchScreen.storyboard in Resources */,
				563DFE331EFC13700067E868 /* MessageTableViewCell.xib in Resources */,
				56665F1E1EF8C75600208511 /* Assets.xcassets in Resources */,
				56665F1C1EF8C75600208511 /* Main.storyboard in Resources */,
			);
			runOnlyForDeploymentPostprocessing = 0;
		};
/* End PBXResourcesBuildPhase section */

/* Begin PBXShellScriptBuildPhase section */
		1862AC0263146F0620CE2CB2 /* [CP] Embed Pods Frameworks */ = {
			isa = PBXShellScriptBuildPhase;
			buildActionMask = 2147483647;
			files = (
			);
			inputPaths = (
			);
			name = "[CP] Embed Pods Frameworks";
			outputPaths = (
			);
			runOnlyForDeploymentPostprocessing = 0;
			shellPath = /bin/sh;
			shellScript = "\"${SRCROOT}/Pods/Target Support Files/Pods-XMPPChat/Pods-XMPPChat-frameworks.sh\"\n";
			showEnvVarsInLog = 0;
		};
		9B59F17C63639881DC2DB3BF /* [CP] Copy Pods Resources */ = {
			isa = PBXShellScriptBuildPhase;
			buildActionMask = 2147483647;
			files = (
			);
			inputPaths = (
			);
			name = "[CP] Copy Pods Resources";
			outputPaths = (
			);
			runOnlyForDeploymentPostprocessing = 0;
			shellPath = /bin/sh;
			shellScript = "\"${SRCROOT}/Pods/Target Support Files/Pods-XMPPChat/Pods-XMPPChat-resources.sh\"\n";
			showEnvVarsInLog = 0;
		};
		FF19464D039D6CB87B07DE25 /* [CP] Check Pods Manifest.lock */ = {
			isa = PBXShellScriptBuildPhase;
			buildActionMask = 2147483647;
			files = (
			);
			inputPaths = (
			);
			name = "[CP] Check Pods Manifest.lock";
			outputPaths = (
			);
			runOnlyForDeploymentPostprocessing = 0;
			shellPath = /bin/sh;
			shellScript = "diff \"${PODS_PODFILE_DIR_PATH}/Podfile.lock\" \"${PODS_ROOT}/Manifest.lock\" > /dev/null\nif [ $? != 0 ] ; then\n    # print error to STDERR\n    echo \"error: The sandbox is not in sync with the Podfile.lock. Run 'pod install' or update your CocoaPods installation.\" >&2\n    exit 1\nfi\n";
			showEnvVarsInLog = 0;
		};
/* End PBXShellScriptBuildPhase section */

/* Begin PBXSourcesBuildPhase section */
		56665F0F1EF8C75600208511 /* Sources */ = {
			isa = PBXSourcesBuildPhase;
			buildActionMask = 2147483647;
			files = (
				565E535B1F07A20F0098161B /* RecentlyTableViewCell.swift in Sources */,
				565E535F1F07B1440098161B /* DetailTableViewController.swift in Sources */,
				565E535D1F07B1330098161B /* MeTableViewController.swift in Sources */,
				563DFE321EFC13700067E868 /* MessageTableViewCell.swift in Sources */,
				567057FC1F08C0EF0064A06D /* XMPPMUCManager.swift in Sources */,
				56665F191EF8C75600208511 /* ViewController.swift in Sources */,
				563DFE2C1EFBEEEA0067E868 /* ContactTableViewCell.swift in Sources */,
				563DFE281EFBE9140067E868 /* ContactViewController.swift in Sources */,
				565E53591F079AA50098161B /* RecentlyViewController.swift in Sources */,
				56665F171EF8C75600208511 /* AppDelegate.swift in Sources */,
				563DFE2F1EFC07F90067E868 /* ChatViewController.swift in Sources */,
				56665F2A1EF8DB7B00208511 /* XMPPStreamManager.swift in Sources */,
				565E53611F07B8F70098161B /* UpdateViewController.swift in Sources */,
			);
			runOnlyForDeploymentPostprocessing = 0;
		};
/* End PBXSourcesBuildPhase section */

/* Begin PBXVariantGroup section */
		56665F1A1EF8C75600208511 /* Main.storyboard */ = {
			isa = PBXVariantGroup;
			children = (
				56665F1B1EF8C75600208511 /* Base */,
			);
			name = Main.storyboard;
			sourceTree = "<group>";
		};
		56665F1F1EF8C75600208511 /* LaunchScreen.storyboard */ = {
			isa = PBXVariantGroup;
			children = (
				56665F201EF8C75600208511 /* Base */,
			);
			name = LaunchScreen.storyboard;
			sourceTree = "<group>";
		};
/* End PBXVariantGroup section */

/* Begin XCBuildConfiguration section */
		56665F231EF8C75600208511 /* Debug */ = {
			isa = XCBuildConfiguration;
			buildSettings = {
				ALWAYS_SEARCH_USER_PATHS = NO;
				CLANG_ANALYZER_NONNULL = YES;
				CLANG_ANALYZER_NUMBER_OBJECT_CONVERSION = YES_AGGRESSIVE;
				CLANG_CXX_LANGUAGE_STANDARD = "gnu++0x";
				CLANG_CXX_LIBRARY = "libc++";
				CLANG_ENABLE_MODULES = YES;
				CLANG_ENABLE_OBJC_ARC = YES;
				CLANG_WARN_BOOL_CONVERSION = YES;
				CLANG_WARN_CONSTANT_CONVERSION = YES;
				CLANG_WARN_DIRECT_OBJC_ISA_USAGE = YES_ERROR;
				CLANG_WARN_DOCUMENTATION_COMMENTS = YES;
				CLANG_WARN_EMPTY_BODY = YES;
				CLANG_WARN_ENUM_CONVERSION = YES;
				CLANG_WARN_INFINITE_RECURSION = YES;
				CLANG_WARN_INT_CONVERSION = YES;
				CLANG_WARN_OBJC_ROOT_CLASS = YES_ERROR;
				CLANG_WARN_SUSPICIOUS_MOVE = YES;
				CLANG_WARN_UNREACHABLE_CODE = YES;
				CLANG_WARN__DUPLICATE_METHOD_MATCH = YES;
				"CODE_SIGN_IDENTITY[sdk=iphoneos*]" = "iPhone Developer";
				COPY_PHASE_STRIP = NO;
				DEBUG_INFORMATION_FORMAT = dwarf;
				ENABLE_STRICT_OBJC_MSGSEND = YES;
				ENABLE_TESTABILITY = YES;
				GCC_C_LANGUAGE_STANDARD = gnu99;
				GCC_DYNAMIC_NO_PIC = NO;
				GCC_NO_COMMON_BLOCKS = YES;
				GCC_OPTIMIZATION_LEVEL = 0;
				GCC_PREPROCESSOR_DEFINITIONS = (
					"DEBUG=1",
					"$(inherited)",
				);
				GCC_WARN_64_TO_32_BIT_CONVERSION = YES;
				GCC_WARN_ABOUT_RETURN_TYPE = YES_ERROR;
				GCC_WARN_UNDECLARED_SELECTOR = YES;
				GCC_WARN_UNINITIALIZED_AUTOS = YES_AGGRESSIVE;
				GCC_WARN_UNUSED_FUNCTION = YES;
				GCC_WARN_UNUSED_VARIABLE = YES;
				IPHONEOS_DEPLOYMENT_TARGET = 10.3;
				MTL_ENABLE_DEBUG_INFO = YES;
				ONLY_ACTIVE_ARCH = YES;
				SDKROOT = iphoneos;
				SWIFT_ACTIVE_COMPILATION_CONDITIONS = DEBUG;
				SWIFT_OPTIMIZATION_LEVEL = "-Onone";
			};
			name = Debug;
		};
		56665F241EF8C75600208511 /* Release */ = {
			isa = XCBuildConfiguration;
			buildSettings = {
				ALWAYS_SEARCH_USER_PATHS = NO;
				CLANG_ANALYZER_NONNULL = YES;
				CLANG_ANALYZER_NUMBER_OBJECT_CONVERSION = YES_AGGRESSIVE;
				CLANG_CXX_LANGUAGE_STANDARD = "gnu++0x";
				CLANG_CXX_LIBRARY = "libc++";
				CLANG_ENABLE_MODULES = YES;
				CLANG_ENABLE_OBJC_ARC = YES;
				CLANG_WARN_BOOL_CONVERSION = YES;
				CLANG_WARN_CONSTANT_CONVERSION = YES;
				CLANG_WARN_DIRECT_OBJC_ISA_USAGE = YES_ERROR;
				CLANG_WARN_DOCUMENTATION_COMMENTS = YES;
				CLANG_WARN_EMPTY_BODY = YES;
				CLANG_WARN_ENUM_CONVERSION = YES;
				CLANG_WARN_INFINITE_RECURSION = YES;
				CLANG_WARN_INT_CONVERSION = YES;
				CLANG_WARN_OBJC_ROOT_CLASS = YES_ERROR;
				CLANG_WARN_SUSPICIOUS_MOVE = YES;
				CLANG_WARN_UNREACHABLE_CODE = YES;
				CLANG_WARN__DUPLICATE_METHOD_MATCH = YES;
				"CODE_SIGN_IDENTITY[sdk=iphoneos*]" = "iPhone Developer";
				COPY_PHASE_STRIP = NO;
				DEBUG_INFORMATION_FORMAT = "dwarf-with-dsym";
				ENABLE_NS_ASSERTIONS = NO;
				ENABLE_STRICT_OBJC_MSGSEND = YES;
				GCC_C_LANGUAGE_STANDARD = gnu99;
				GCC_NO_COMMON_BLOCKS = YES;
				GCC_WARN_64_TO_32_BIT_CONVERSION = YES;
				GCC_WARN_ABOUT_RETURN_TYPE = YES_ERROR;
				GCC_WARN_UNDECLARED_SELECTOR = YES;
				GCC_WARN_UNINITIALIZED_AUTOS = YES_AGGRESSIVE;
				GCC_WARN_UNUSED_FUNCTION = YES;
				GCC_WARN_UNUSED_VARIABLE = YES;
				IPHONEOS_DEPLOYMENT_TARGET = 10.3;
				MTL_ENABLE_DEBUG_INFO = NO;
				SDKROOT = iphoneos;
				SWIFT_OPTIMIZATION_LEVEL = "-Owholemodule";
				VALIDATE_PRODUCT = YES;
			};
			name = Release;
		};
		56665F261EF8C75600208511 /* Debug */ = {
			isa = XCBuildConfiguration;
			baseConfigurationReference = 612CA64932D7B7EA8ABA0F98 /* Pods-XMPPChat.debug.xcconfig */;
			buildSettings = {
				ASSETCATALOG_COMPILER_APPICON_NAME = AppIcon;
				INFOPLIST_FILE = XMPPChat/Info.plist;
				LD_RUNPATH_SEARCH_PATHS = "$(inherited) @executable_path/Frameworks";
				PRODUCT_BUNDLE_IDENTIFIER = yisun.XMPPChat;
				PRODUCT_NAME = "$(TARGET_NAME)";
				SWIFT_VERSION = 3.0;
			};
			name = Debug;
		};
		56665F271EF8C75600208511 /* Release */ = {
			isa = XCBuildConfiguration;
			baseConfigurationReference = 453760D176B0791811623408 /* Pods-XMPPChat.release.xcconfig */;
			buildSettings = {
				ASSETCATALOG_COMPILER_APPICON_NAME = AppIcon;
				INFOPLIST_FILE = XMPPChat/Info.plist;
				LD_RUNPATH_SEARCH_PATHS = "$(inherited) @executable_path/Frameworks";
				PRODUCT_BUNDLE_IDENTIFIER = yisun.XMPPChat;
				PRODUCT_NAME = "$(TARGET_NAME)";
				SWIFT_VERSION = 3.0;
			};
			name = Release;
		};
/* End XCBuildConfiguration section */

/* Begin XCConfigurationList section */
		56665F0E1EF8C75600208511 /* Build configuration list for PBXProject "XMPPChat" */ = {
			isa = XCConfigurationList;
			buildConfigurations = (
				56665F231EF8C75600208511 /* Debug */,
				56665F241EF8C75600208511 /* Release */,
			);
			defaultConfigurationIsVisible = 0;
			defaultConfigurationName = Release;
		};
		56665F251EF8C75600208511 /* Build configuration list for PBXNativeTarget "XMPPChat" */ = {
			isa = XCConfigurationList;
			buildConfigurations = (
				56665F261EF8C75600208511 /* Debug */,
				56665F271EF8C75600208511 /* Release */,
			);
			defaultConfigurationIsVisible = 0;
			defaultConfigurationName = Release;
		};
/* End XCConfigurationList section */
	};
	rootObject = 56665F0B1EF8C75600208511 /* Project object */;
}
